
Microsoft Visual Studio Solution File, Format Version 12.00
# Visual Studio Version 17
VisualStudioVersion = 17.9.34622.214
MinimumVisualStudioVersion = 10.0.40219.1
Project("{FAE04EC0-301F-11D3-BF4B-00C04F79EFBC}") = "ClickConnect", "ClickConnect\ClickConnect.csproj", "{4151FC76-62DB-46EE-9592-E9EDB388059A}"
EndProject
Global
	GlobalSection(SolutionConfigurationPlatforms) = preSolution
		Debug|Any CPU = Debug|Any CPU
		Release|Any CPU = Release|Any CPU
	EndGlobalSection
	GlobalSection(ProjectConfigurationPlatforms) = postSolution
		{4151FC76-62DB-46EE-9592-E9EDB388059A}.Debug|Any CPU.ActiveCfg = Debug|Any CPU
		{4151FC76-62DB-46EE-9592-E9EDB388059A}.Debug|Any CPU.Build.0 = Debug|Any CPU
		{4151FC76-62DB-46EE-9592-E9EDB388059A}.Release|Any CPU.ActiveCfg = Release|Any CPU
		{4151FC76-62DB-46EE-9592-E9EDB388059A}.Release|Any CPU.Build.0 = Release|Any CPU
	EndGlobalSection
	GlobalSection(SolutionProperties) = preSolution
		HideSolutionNode = FALSE
	EndGlobalSection
	GlobalSection(ExtensibilityGlobals) = postSolution
		SolutionGuid = {44644BE2-38F1-4874-AA87-0AF9E2B89C71}
	EndGlobalSection
EndGlobal
